// !$*UTF8*$!
{
	archiveVersion = 1;
	classes = {
	};
	objectVersion = 56;
	objects = {

/* Begin PBXBuildFile section */
		189ED9AD2B381B820054E627 /* HmmzApp.swift in Sources */ = {isa = PBXBuildFile; fileRef = 189ED9AC2B381B820054E627 /* HmmzApp.swift */; };
		189ED9AF2B381B820054E627 /* Home.swift in Sources */ = {isa = PBXBuildFile; fileRef = 189ED9AE2B381B820054E627 /* Home.swift */; };
		189ED9B12B381B820054E627 /* Item.swift in Sources */ = {isa = PBXBuildFile; fileRef = 189ED9B02B381B820054E627 /* Item.swift */; };
		189ED9B32B381B820054E627 /* Assets.xcassets in Resources */ = {isa = PBXBuildFile; fileRef = 189ED9B22B381B820054E627 /* Assets.xcassets */; };
		189ED9B62B381B820054E627 /* Preview Assets.xcassets in Resources */ = {isa = PBXBuildFile; fileRef = 189ED9B52B381B820054E627 /* Preview Assets.xcassets */; };
		18DFA6BD2B382A920037E83D /* Drafts.swift in Sources */ = {isa = PBXBuildFile; fileRef = 18DFA6BC2B382A920037E83D /* Drafts.swift */; };
		18DFA6BF2B382ABB0037E83D /* CountIntervals.swift in Sources */ = {isa = PBXBuildFile; fileRef = 18DFA6BE2B382ABB0037E83D /* CountIntervals.swift */; };
		18DFA6C12B3831040037E83D /* Camera.swift in Sources */ = {isa = PBXBuildFile; fileRef = 18DFA6C02B3831040037E83D /* Camera.swift */; };
		18DFA6C32B395AE50037E83D /* Localizable.xcstrings in Resources */ = {isa = PBXBuildFile; fileRef = 18DFA6C22B395AE50037E83D /* Localizable.xcstrings */; };
		2867ABBC2B382188002D7313 /* Timer.swift in Sources */ = {isa = PBXBuildFile; fileRef = 2867ABBB2B382188002D7313 /* Timer.swift */; };
		35AB1DEA2B384C3F008BCDB0 /* NoteGallery.swift in Sources */ = {isa = PBXBuildFile; fileRef = 35AB1DE92B384C3F008BCDB0 /* NoteGallery.swift */; };
		35AB1DEC2B384C68008BCDB0 /* EntryController.swift in Sources */ = {isa = PBXBuildFile; fileRef = 35AB1DEB2B384C68008BCDB0 /* EntryController.swift */; };
		35AB1DEE2B384C8B008BCDB0 /* EntryRow.swift in Sources */ = {isa = PBXBuildFile; fileRef = 35AB1DED2B384C8B008BCDB0 /* EntryRow.swift */; };
		35AB1DF02B384CA6008BCDB0 /* EntryDetail.swift in Sources */ = {isa = PBXBuildFile; fileRef = 35AB1DEF2B384CA6008BCDB0 /* EntryDetail.swift */; };
		35AB1DF22B384CC1008BCDB0 /* Entry.swift in Sources */ = {isa = PBXBuildFile; fileRef = 35AB1DF12B384CC1008BCDB0 /* Entry.swift */; };
		35AB1DF42B384CDF008BCDB0 /* CreateEntry.swift in Sources */ = {isa = PBXBuildFile; fileRef = 35AB1DF32B384CDF008BCDB0 /* CreateEntry.swift */; };
		35AB1DF62B384F65008BCDB0 /* StateView.swift in Sources */ = {isa = PBXBuildFile; fileRef = 35AB1DF52B384F65008BCDB0 /* StateView.swift */; };
		35D0E8242B38248200D46430 /* Setting.swift in Sources */ = {isa = PBXBuildFile; fileRef = 35D0E8232B38248200D46430 /* Setting.swift */; };
		35E61AC32B396E7F00DDCF83 /* SplashScreen.swift in Sources */ = {isa = PBXBuildFile; fileRef = 35E61AC22B396E7F00DDCF83 /* SplashScreen.swift */; };
		35E61AC52B39718E00DDCF83 /* LocalNotifications.swift in Sources */ = {isa = PBXBuildFile; fileRef = 35E61AC42B39718E00DDCF83 /* LocalNotifications.swift */; };
/* End PBXBuildFile section */

/* Begin PBXFileReference section */
		189ED9A92B381B820054E627 /* Hmmz.app */ = {isa = PBXFileReference; explicitFileType = wrapper.application; includeInIndex = 0; path = Hmmz.app; sourceTree = BUILT_PRODUCTS_DIR; };
		189ED9AC2B381B820054E627 /* HmmzApp.swift */ = {isa = PBXFileReference; lastKnownFileType = sourcecode.swift; path = HmmzApp.swift; sourceTree = "<group>"; };
		189ED9AE2B381B820054E627 /* Home.swift */ = {isa = PBXFileReference; lastKnownFileType = sourcecode.swift; path = Home.swift; sourceTree = "<group>"; };
		189ED9B02B381B820054E627 /* Item.swift */ = {isa = PBXFileReference; lastKnownFileType = sourcecode.swift; path = Item.swift; sourceTree = "<group>"; };
		189ED9B22B381B820054E627 /* Assets.xcassets */ = {isa = PBXFileReference; lastKnownFileType = folder.assetcatalog; path = Assets.xcassets; sourceTree = "<group>"; };
		189ED9B52B381B820054E627 /* Preview Assets.xcassets */ = {isa = PBXFileReference; lastKnownFileType = folder.assetcatalog; path = "Preview Assets.xcassets"; sourceTree = "<group>"; };
		18DFA6BC2B382A920037E83D /* Drafts.swift */ = {isa = PBXFileReference; lastKnownFileType = sourcecode.swift; path = Drafts.swift; sourceTree = "<group>"; };
		18DFA6BE2B382ABB0037E83D /* CountIntervals.swift */ = {isa = PBXFileReference; lastKnownFileType = sourcecode.swift; path = CountIntervals.swift; sourceTree = "<group>"; };
		18DFA6C02B3831040037E83D /* Camera.swift */ = {isa = PBXFileReference; lastKnownFileType = sourcecode.swift; path = Camera.swift; sourceTree = "<group>"; };
		18DFA6C22B395AE50037E83D /* Localizable.xcstrings */ = {isa = PBXFileReference; lastKnownFileType = text.json.xcstrings; path = Localizable.xcstrings; sourceTree = "<group>"; };
		2867ABBB2B382188002D7313 /* Timer.swift */ = {isa = PBXFileReference; lastKnownFileType = sourcecode.swift; path = Timer.swift; sourceTree = "<group>"; };
		35AB1DE92B384C3F008BCDB0 /* NoteGallery.swift */ = {isa = PBXFileReference; lastKnownFileType = sourcecode.swift; path = NoteGallery.swift; sourceTree = "<group>"; };
		35AB1DEB2B384C68008BCDB0 /* EntryController.swift */ = {isa = PBXFileReference; lastKnownFileType = sourcecode.swift; path = EntryController.swift; sourceTree = "<group>"; };
		35AB1DED2B384C8B008BCDB0 /* EntryRow.swift */ = {isa = PBXFileReference; lastKnownFileType = sourcecode.swift; path = EntryRow.swift; sourceTree = "<group>"; };
		35AB1DEF2B384CA6008BCDB0 /* EntryDetail.swift */ = {isa = PBXFileReference; lastKnownFileType = sourcecode.swift; path = EntryDetail.swift; sourceTree = "<group>"; };
		35AB1DF12B384CC1008BCDB0 /* Entry.swift */ = {isa = PBXFileReference; lastKnownFileType = sourcecode.swift; path = Entry.swift; sourceTree = "<group>"; };
		35AB1DF32B384CDF008BCDB0 /* CreateEntry.swift */ = {isa = PBXFileReference; lastKnownFileType = sourcecode.swift; path = CreateEntry.swift; sourceTree = "<group>"; };
		35AB1DF52B384F65008BCDB0 /* StateView.swift */ = {isa = PBXFileReference; lastKnownFileType = sourcecode.swift; path = StateView.swift; sourceTree = "<group>"; };
		35D0E8232B38248200D46430 /* Setting.swift */ = {isa = PBXFileReference; lastKnownFileType = sourcecode.swift; path = Setting.swift; sourceTree = "<group>"; };
		35E61AC22B396E7F00DDCF83 /* SplashScreen.swift */ = {isa = PBXFileReference; lastKnownFileType = sourcecode.swift; path = SplashScreen.swift; sourceTree = "<group>"; };
		35E61AC42B39718E00DDCF83 /* LocalNotifications.swift */ = {isa = PBXFileReference; lastKnownFileType = sourcecode.swift; path = LocalNotifications.swift; sourceTree = "<group>"; };
/* End PBXFileReference section */

/* Begin PBXFrameworksBuildPhase section */
		189ED9A62B381B820054E627 /* Frameworks */ = {
			isa = PBXFrameworksBuildPhase;
			buildActionMask = 2147483647;
			files = (
			);
			runOnlyForDeploymentPostprocessing = 0;
		};
/* End PBXFrameworksBuildPhase section */

/* Begin PBXGroup section */
		189ED9A02B381B820054E627 = {
			isa = PBXGroup;
			children = (
				189ED9AB2B381B820054E627 /* Hmmz */,
				189ED9AA2B381B820054E627 /* Products */,
			);
			sourceTree = "<group>";
		};
		189ED9AA2B381B820054E627 /* Products */ = {
			isa = PBXGroup;
			children = (
				189ED9A92B381B820054E627 /* Hmmz.app */,
			);
			name = Products;
			sourceTree = "<group>";
		};
		189ED9AB2B381B820054E627 /* Hmmz */ = {
			isa = PBXGroup;
			children = (
				18DFA6BB2B382A430037E83D /* Data */,
				2867ABBB2B382188002D7313 /* Timer.swift */,
				189ED9AC2B381B820054E627 /* HmmzApp.swift */,
				35E61AC22B396E7F00DDCF83 /* SplashScreen.swift */,
				35E61AC42B39718E00DDCF83 /* LocalNotifications.swift */,
				189ED9AE2B381B820054E627 /* Home.swift */,
				35D0E8232B38248200D46430 /* Setting.swift */,
				18DFA6C02B3831040037E83D /* Camera.swift */,
				35AB1DE92B384C3F008BCDB0 /* NoteGallery.swift */,
				35AB1DEB2B384C68008BCDB0 /* EntryController.swift */,
				35AB1DED2B384C8B008BCDB0 /* EntryRow.swift */,
				35AB1DEF2B384CA6008BCDB0 /* EntryDetail.swift */,
				35AB1DF12B384CC1008BCDB0 /* Entry.swift */,
				35AB1DF32B384CDF008BCDB0 /* CreateEntry.swift */,
				35AB1DF52B384F65008BCDB0 /* StateView.swift */,
				189ED9B22B381B820054E627 /* Assets.xcassets */,
				189ED9B42B381B820054E627 /* Preview Content */,
			);
			path = Hmmz;
			sourceTree = "<group>";
		};
		189ED9B42B381B820054E627 /* Preview Content */ = {
			isa = PBXGroup;
			children = (
				189ED9B52B381B820054E627 /* Preview Assets.xcassets */,
			);
			path = "Preview Content";
			sourceTree = "<group>";
		};
		18DFA6BB2B382A430037E83D /* Data */ = {
			isa = PBXGroup;
			children = (
				18DFA6BC2B382A920037E83D /* Drafts.swift */,
				18DFA6BE2B382ABB0037E83D /* CountIntervals.swift */,
				18DFA6C22B395AE50037E83D /* Localizable.xcstrings */,
				189ED9B02B381B820054E627 /* Item.swift */,
			);
			path = Data;
			sourceTree = "<group>";
		};
/* End PBXGroup section */

/* Begin PBXNativeTarget section */
		189ED9A82B381B820054E627 /* Hmmz */ = {
			isa = PBXNativeTarget;
			buildConfigurationList = 189ED9B92B381B820054E627 /* Build configuration list for PBXNativeTarget "Hmmz" */;
			buildPhases = (
				189ED9A52B381B820054E627 /* Sources */,
				189ED9A62B381B820054E627 /* Frameworks */,
				189ED9A72B381B820054E627 /* Resources */,
			);
			buildRules = (
			);
			dependencies = (
			);
			name = Hmmz;
			productName = Hmmz;
			productReference = 189ED9A92B381B820054E627 /* Hmmz.app */;
			productType = "com.apple.product-type.application";
		};
/* End PBXNativeTarget section */

/* Begin PBXProject section */
		189ED9A12B381B820054E627 /* Project object */ = {
			isa = PBXProject;
			attributes = {
				BuildIndependentTargetsInParallel = 1;
				LastSwiftUpdateCheck = 1500;
				LastUpgradeCheck = 1500;
				TargetAttributes = {
					189ED9A82B381B820054E627 = {
						CreatedOnToolsVersion = 15.0;
					};
				};
			};
			buildConfigurationList = 189ED9A42B381B820054E627 /* Build configuration list for PBXProject "Hmmz" */;
			compatibilityVersion = "Xcode 14.0";
			developmentRegion = en;
			hasScannedForEncodings = 0;
			knownRegions = (
				en,
				Base,
				ar,
			);
			mainGroup = 189ED9A02B381B820054E627;
			productRefGroup = 189ED9AA2B381B820054E627 /* Products */;
			projectDirPath = "";
			projectRoot = "";
			targets = (
				189ED9A82B381B820054E627 /* Hmmz */,
			);
		};
/* End PBXProject section */

/* Begin PBXResourcesBuildPhase section */
		189ED9A72B381B820054E627 /* Resources */ = {
			isa = PBXResourcesBuildPhase;
			buildActionMask = 2147483647;
			files = (
				189ED9B62B381B820054E627 /* Preview Assets.xcassets in Resources */,
				189ED9B32B381B820054E627 /* Assets.xcassets in Resources */,
				18DFA6C32B395AE50037E83D /* Localizable.xcstrings in Resources */,
			);
			runOnlyForDeploymentPostprocessing = 0;
		};
/* End PBXResourcesBuildPhase section */

/* Begin PBXSourcesBuildPhase section */
		189ED9A52B381B820054E627 /* Sources */ = {
			isa = PBXSourcesBuildPhase;
			buildActionMask = 2147483647;
			files = (
				35E61AC32B396E7F00DDCF83 /* SplashScreen.swift in Sources */,
				35AB1DF22B384CC1008BCDB0 /* Entry.swift in Sources */,
				18DFA6BF2B382ABB0037E83D /* CountIntervals.swift in Sources */,
				35AB1DEC2B384C68008BCDB0 /* EntryController.swift in Sources */,
				189ED9AF2B381B820054E627 /* Home.swift in Sources */,
				35AB1DF02B384CA6008BCDB0 /* EntryDetail.swift in Sources */,
				189ED9B12B381B820054E627 /* Item.swift in Sources */,
				35AB1DF62B384F65008BCDB0 /* StateView.swift in Sources */,
				35AB1DF42B384CDF008BCDB0 /* CreateEntry.swift in Sources */,
				2867ABBC2B382188002D7313 /* Timer.swift in Sources */,
				35E61AC52B39718E00DDCF83 /* LocalNotifications.swift in Sources */,
				35AB1DEA2B384C3F008BCDB0 /* NoteGallery.swift in Sources */,
				18DFA6BD2B382A920037E83D /* Drafts.swift in Sources */,
				35D0E8242B38248200D46430 /* Setting.swift in Sources */,
				189ED9AD2B381B820054E627 /* HmmzApp.swift in Sources */,
				18DFA6C12B3831040037E83D /* Camera.swift in Sources */,
				35AB1DEE2B384C8B008BCDB0 /* EntryRow.swift in Sources */,
			);
			runOnlyForDeploymentPostprocessing = 0;
		};
/* End PBXSourcesBuildPhase section */

/* Begin XCBuildConfiguration section */
		189ED9B72B381B820054E627 /* Debug */ = {
			isa = XCBuildConfiguration;
			buildSettings = {
				ALWAYS_SEARCH_USER_PATHS = NO;
				ASSETCATALOG_COMPILER_GENERATE_SWIFT_ASSET_SYMBOL_EXTENSIONS = YES;
				CLANG_ANALYZER_NONNULL = YES;
				CLANG_ANALYZER_NUMBER_OBJECT_CONVERSION = YES_AGGRESSIVE;
				CLANG_CXX_LANGUAGE_STANDARD = "gnu++20";
				CLANG_ENABLE_MODULES = YES;
				CLANG_ENABLE_OBJC_ARC = YES;
				CLANG_ENABLE_OBJC_WEAK = YES;
				CLANG_WARN_BLOCK_CAPTURE_AUTORELEASING = YES;
				CLANG_WARN_BOOL_CONVERSION = YES;
				CLANG_WARN_COMMA = YES;
				CLANG_WARN_CONSTANT_CONVERSION = YES;
				CLANG_WARN_DEPRECATED_OBJC_IMPLEMENTATIONS = YES;
				CLANG_WARN_DIRECT_OBJC_ISA_USAGE = YES_ERROR;
				CLANG_WARN_DOCUMENTATION_COMMENTS = YES;
				CLANG_WARN_EMPTY_BODY = YES;
				CLANG_WARN_ENUM_CONVERSION = YES;
				CLANG_WARN_INFINITE_RECURSION = YES;
				CLANG_WARN_INT_CONVERSION = YES;
				CLANG_WARN_NON_LITERAL_NULL_CONVERSION = YES;
				CLANG_WARN_OBJC_IMPLICIT_RETAIN_SELF = YES;
				CLANG_WARN_OBJC_LITERAL_CONVERSION = YES;
				CLANG_WARN_OBJC_ROOT_CLASS = YES_ERROR;
				CLANG_WARN_QUOTED_INCLUDE_IN_FRAMEWORK_HEADER = YES;
				CLANG_WARN_RANGE_LOOP_ANALYSIS = YES;
				CLANG_WARN_STRICT_PROTOTYPES = YES;
				CLANG_WARN_SUSPICIOUS_MOVE = YES;
				CLANG_WARN_UNGUARDED_AVAILABILITY = YES_AGGRESSIVE;
				CLANG_WARN_UNREACHABLE_CODE = YES;
				CLANG_WARN__DUPLICATE_METHOD_MATCH = YES;
				COPY_PHASE_STRIP = NO;
				DEBUG_INFORMATION_FORMAT = dwarf;
				ENABLE_STRICT_OBJC_MSGSEND = YES;
				ENABLE_TESTABILITY = YES;
				ENABLE_USER_SCRIPT_SANDBOXING = YES;
				GCC_C_LANGUAGE_STANDARD = gnu17;
				GCC_DYNAMIC_NO_PIC = NO;
				GCC_NO_COMMON_BLOCKS = YES;
				GCC_OPTIMIZATION_LEVEL = 0;
				GCC_PREPROCESSOR_DEFINITIONS = (
					"DEBUG=1",
					"$(inherited)",
				);
				GCC_WARN_64_TO_32_BIT_CONVERSION = YES;
				GCC_WARN_ABOUT_RETURN_TYPE = YES_ERROR;
				GCC_WARN_UNDECLARED_SELECTOR = YES;
				GCC_WARN_UNINITIALIZED_AUTOS = YES_AGGRESSIVE;
				GCC_WARN_UNUSED_FUNCTION = YES;
				GCC_WARN_UNUSED_VARIABLE = YES;
				IPHONEOS_DEPLOYMENT_TARGET = 17.0;
				LOCALIZATION_PREFERS_STRING_CATALOGS = YES;
				MTL_ENABLE_DEBUG_INFO = INCLUDE_SOURCE;
				MTL_FAST_MATH = YES;
				ONLY_ACTIVE_ARCH = YES;
				SDKROOT = iphoneos;
				SWIFT_ACTIVE_COMPILATION_CONDITIONS = "DEBUG $(inherited)";
				SWIFT_OPTIMIZATION_LEVEL = "-Onone";
			};
			name = Debug;
		};
		189ED9B82B381B820054E627 /* Release */ = {
			isa = XCBuildConfiguration;
			buildSettings = {
				ALWAYS_SEARCH_USER_PATHS = NO;
				ASSETCATALOG_COMPILER_GENERATE_SWIFT_ASSET_SYMBOL_EXTENSIONS = YES;
				CLANG_ANALYZER_NONNULL = YES;
				CLANG_ANALYZER_NUMBER_OBJECT_CONVERSION = YES_AGGRESSIVE;
				CLANG_CXX_LANGUAGE_STANDARD = "gnu++20";
				CLANG_ENABLE_MODULES = YES;
				CLANG_ENABLE_OBJC_ARC = YES;
				CLANG_ENABLE_OBJC_WEAK = YES;
				CLANG_WARN_BLOCK_CAPTURE_AUTORELEASING = YES;
				CLANG_WARN_BOOL_CONVERSION = YES;
				CLANG_WARN_COMMA = YES;
				CLANG_WARN_CONSTANT_CONVERSION = YES;
				CLANG_WARN_DEPRECATED_OBJC_IMPLEMENTATIONS = YES;
				CLANG_WARN_DIRECT_OBJC_ISA_USAGE = YES_ERROR;
				CLANG_WARN_DOCUMENTATION_COMMENTS = YES;
				CLANG_WARN_EMPTY_BODY = YES;
				CLANG_WARN_ENUM_CONVERSION = YES;
				CLANG_WARN_INFINITE_RECURSION = YES;
				CLANG_WARN_INT_CONVERSION = YES;
				CLANG_WARN_NON_LITERAL_NULL_CONVERSION = YES;
				CLANG_WARN_OBJC_IMPLICIT_RETAIN_SELF = YES;
				CLANG_WARN_OBJC_LITERAL_CONVERSION = YES;
				CLANG_WARN_OBJC_ROOT_CLASS = YES_ERROR;
				CLANG_WARN_QUOTED_INCLUDE_IN_FRAMEWORK_HEADER = YES;
				CLANG_WARN_RANGE_LOOP_ANALYSIS = YES;
				CLANG_WARN_STRICT_PROTOTYPES = YES;
				CLANG_WARN_SUSPICIOUS_MOVE = YES;
				CLANG_WARN_UNGUARDED_AVAILABILITY = YES_AGGRESSIVE;
				CLANG_WARN_UNREACHABLE_CODE = YES;
				CLANG_WARN__DUPLICATE_METHOD_MATCH = YES;
				COPY_PHASE_STRIP = NO;
				DEBUG_INFORMATION_FORMAT = "dwarf-with-dsym";
				ENABLE_NS_ASSERTIONS = NO;
				ENABLE_STRICT_OBJC_MSGSEND = YES;
				ENABLE_USER_SCRIPT_SANDBOXING = YES;
				GCC_C_LANGUAGE_STANDARD = gnu17;
				GCC_NO_COMMON_BLOCKS = YES;
				GCC_WARN_64_TO_32_BIT_CONVERSION = YES;
				GCC_WARN_ABOUT_RETURN_TYPE = YES_ERROR;
				GCC_WARN_UNDECLARED_SELECTOR = YES;
				GCC_WARN_UNINITIALIZED_AUTOS = YES_AGGRESSIVE;
				GCC_WARN_UNUSED_FUNCTION = YES;
				GCC_WARN_UNUSED_VARIABLE = YES;
				IPHONEOS_DEPLOYMENT_TARGET = 17.0;
				LOCALIZATION_PREFERS_STRING_CATALOGS = YES;
				MTL_ENABLE_DEBUG_INFO = NO;
				MTL_FAST_MATH = YES;
				SDKROOT = iphoneos;
				SWIFT_COMPILATION_MODE = wholemodule;
				VALIDATE_PRODUCT = YES;
			};
			name = Release;
		};
		189ED9BA2B381B820054E627 /* Debug */ = {
			isa = XCBuildConfiguration;
			buildSettings = {
				ASSETCATALOG_COMPILER_APPICON_NAME = AppIcon;
				ASSETCATALOG_COMPILER_GLOBAL_ACCENT_COLOR_NAME = AccentColor;
				CODE_SIGN_STYLE = Automatic;
				CURRENT_PROJECT_VERSION = 1;
				DEVELOPMENT_ASSET_PATHS = "\"Hmmz/Preview Content\"";
				DEVELOPMENT_TEAM = DFQ2G36PPT;
				ENABLE_PREVIEWS = YES;
				GENERATE_INFOPLIST_FILE = YES;
				INFOPLIST_KEY_NSCameraUsageDescription = "";
				INFOPLIST_KEY_UIApplicationSceneManifest_Generation = YES;
				INFOPLIST_KEY_UIApplicationSupportsIndirectInputEvents = YES;
				INFOPLIST_KEY_UILaunchScreen_Generation = YES;
				INFOPLIST_KEY_UISupportedInterfaceOrientations_iPad = "UIInterfaceOrientationPortrait UIInterfaceOrientationPortraitUpsideDown UIInterfaceOrientationLandscapeLeft UIInterfaceOrientationLandscapeRight";
				INFOPLIST_KEY_UISupportedInterfaceOrientations_iPhone = "UIInterfaceOrientationPortrait UIInterfaceOrientationLandscapeLeft UIInterfaceOrientationLandscapeRight";
				LD_RUNPATH_SEARCH_PATHS = (
					"$(inherited)",
					"@executable_path/Frameworks",
				);
				MARKETING_VERSION = 1.0;
				PRODUCT_BUNDLE_IDENTIFIER = SaharYousef.Hmmz;
				PRODUCT_NAME = "$(TARGET_NAME)";
				SWIFT_EMIT_LOC_STRINGS = YES;
				SWIFT_VERSION = 5.0;
				TARGETED_DEVICE_FAMILY = "1,2";
			};
			name = Debug;
		};
		189ED9BB2B381B820054E627 /* Release */ = {
			isa = XCBuildConfiguration;
			buildSettings = {
				ASSETCATALOG_COMPILER_APPICON_NAME = AppIcon;
				ASSETCATALOG_COMPILER_GLOBAL_ACCENT_COLOR_NAME = AccentColor;
				CODE_SIGN_STYLE = Automatic;
				CURRENT_PROJECT_VERSION = 1;
				DEVELOPMENT_ASSET_PATHS = "\"Hmmz/Preview Content\"";
				DEVELOPMENT_TEAM = DFQ2G36PPT;
				ENABLE_PREVIEWS = YES;
				GENERATE_INFOPLIST_FILE = YES;
				INFOPLIST_KEY_NSCameraUsageDescription = "";
				INFOPLIST_KEY_UIApplicationSceneManifest_Generation = YES;
				INFOPLIST_KEY_UIApplicationSupportsIndirectInputEvents = YES;
				INFOPLIST_KEY_UILaunchScreen_Generation = YES;
				INFOPLIST_KEY_UISupportedInterfaceOrientations_iPad = "UIInterfaceOrientationPortrait UIInterfaceOrientationPortraitUpsideDown UIInterfaceOrientationLandscapeLeft UIInterfaceOrientationLandscapeRight";
				INFOPLIST_KEY_UISupportedInterfaceOrientations_iPhone = "UIInterfaceOrientationPortrait UIInterfaceOrientationLandscapeLeft UIInterfaceOrientationLandscapeRight";
				LD_RUNPATH_SEARCH_PATHS = (
					"$(inherited)",
					"@executable_path/Frameworks",
				);
				MARKETING_VERSION = 1.0;
				PRODUCT_BUNDLE_IDENTIFIER = SaharYousef.Hmmz;
				PRODUCT_NAME = "$(TARGET_NAME)";
				SWIFT_EMIT_LOC_STRINGS = YES;
				SWIFT_VERSION = 5.0;
				TARGETED_DEVICE_FAMILY = "1,2";
			};
			name = Release;
		};
/* End XCBuildConfiguration section */

/* Begin XCConfigurationList section */
		189ED9A42B381B820054E627 /* Build configuration list for PBXProject "Hmmz" */ = {
			isa = XCConfigurationList;
			buildConfigurations = (
				189ED9B72B381B820054E627 /* Debug */,
				189ED9B82B381B820054E627 /* Release */,
			);
			defaultConfigurationIsVisible = 0;
			defaultConfigurationName = Release;
		};
		189ED9B92B381B820054E627 /* Build configuration list for PBXNativeTarget "Hmmz" */ = {
			isa = XCConfigurationList;
			buildConfigurations = (
				189ED9BA2B381B820054E627 /* Debug */,
				189ED9BB2B381B820054E627 /* Release */,
			);
			defaultConfigurationIsVisible = 0;
			defaultConfigurationName = Release;
		};
/* End XCConfigurationList section */
	};
	rootObject = 189ED9A12B381B820054E627 /* Project object */;
}
